// !$*UTF8*$!
{
	archiveVersion = 1;
	classes = {
	};
	objectVersion = 50;
	objects = {

/* Begin PBXBuildFile section */
		4D2C287A23D6DFB800E88186 /* AppDelegate.swift in Sources */ = {isa = PBXBuildFile; fileRef = 4D2C287923D6DFB800E88186 /* AppDelegate.swift */; };
		4D2C287E23D6DFB800E88186 /* MainViewController.swift in Sources */ = {isa = PBXBuildFile; fileRef = 4D2C287D23D6DFB800E88186 /* MainViewController.swift */; };
		4D2C288123D6DFB800E88186 /* Main.storyboard in Resources */ = {isa = PBXBuildFile; fileRef = 4D2C287F23D6DFB800E88186 /* Main.storyboard */; };
		4D2C288323D6DFB900E88186 /* Assets.xcassets in Resources */ = {isa = PBXBuildFile; fileRef = 4D2C288223D6DFB900E88186 /* Assets.xcassets */; };
		4D2C288623D6DFB900E88186 /* LaunchScreen.storyboard in Resources */ = {isa = PBXBuildFile; fileRef = 4D2C288423D6DFB900E88186 /* LaunchScreen.storyboard */; };
		4D2C289123D6DFB900E88186 /* MainViewControllerTests.swift in Sources */ = {isa = PBXBuildFile; fileRef = 4D2C289023D6DFB900E88186 /* MainViewControllerTests.swift */; };
		4D2C289C23D6E0FC00E88186 /* CharacterResponseModel.swift in Sources */ = {isa = PBXBuildFile; fileRef = 4D2C289B23D6E0FC00E88186 /* CharacterResponseModel.swift */; };
		4D2C28A123D6E14800E88186 /* MarvelURLs.swift in Sources */ = {isa = PBXBuildFile; fileRef = 4D2C28A023D6E14800E88186 /* MarvelURLs.swift */; };
		4D2C2BB523D6EB3200E88186 /* backup.json in Resources */ = {isa = PBXBuildFile; fileRef = 4D2C2BB423D6EB3200E88186 /* backup.json */; };
		5A2A542125C08C63001A682F /* Coordinator.swift in Sources */ = {isa = PBXBuildFile; fileRef = 5A2A542025C08C63001A682F /* Coordinator.swift */; };
		5A3AEE94268CDF4E002373EB /* FakeFavouritesViewModel.swift in Sources */ = {isa = PBXBuildFile; fileRef = 5A3AEE93268CDF4E002373EB /* FakeFavouritesViewModel.swift */; };
		5A3AEE96268CE019002373EB /* FavouritesViewControllerTests.swift in Sources */ = {isa = PBXBuildFile; fileRef = 5A3AEE95268CE019002373EB /* FavouritesViewControllerTests.swift */; };
		5A3AEE98268CE4CA002373EB /* FavouritesManagerTests.swift in Sources */ = {isa = PBXBuildFile; fileRef = 5A3AEE97268CE4CA002373EB /* FavouritesManagerTests.swift */; };
		5A3D1C15268D3B2C00146145 /* CharacterDetailsViewModelTests.swift in Sources */ = {isa = PBXBuildFile; fileRef = 5A3D1C11268D3A5D00146145 /* CharacterDetailsViewModelTests.swift */; };
		5A3D1C16268D3B4B00146145 /* FavouritesViewModelTests.swift in Sources */ = {isa = PBXBuildFile; fileRef = 5A3D1C13268D3A7500146145 /* FavouritesViewModelTests.swift */; };
		5A3D1C18268D3DB800146145 /* FakeFavouritesManager.swift in Sources */ = {isa = PBXBuildFile; fileRef = 5A3D1C17268D3DB800146145 /* FakeFavouritesManager.swift */; };
		5A6D395625CB2D950041D169 /* CharacterRequest.swift in Sources */ = {isa = PBXBuildFile; fileRef = 5A6D395525CB2D950041D169 /* CharacterRequest.swift */; };
		5A84E931267F6A090034EA80 /* MainViewCoordinatorTests.swift in Sources */ = {isa = PBXBuildFile; fileRef = 5A84E92B267F69BD0034EA80 /* MainViewCoordinatorTests.swift */; };
		5A84E939267F6CED0034EA80 /* CharacterRequestTests.swift in Sources */ = {isa = PBXBuildFile; fileRef = 5A84E938267F6CED0034EA80 /* CharacterRequestTests.swift */; };
		5A84E940267F6D290034EA80 /* MockCharacterRequest.swift in Sources */ = {isa = PBXBuildFile; fileRef = 5A84E93F267F6D290034EA80 /* MockCharacterRequest.swift */; };
		5A84E946267F6D6E0034EA80 /* FakeCharactersViewModel.swift in Sources */ = {isa = PBXBuildFile; fileRef = 5A84E945267F6D6E0034EA80 /* FakeCharactersViewModel.swift */; };
		5A84E94A267F6DB40034EA80 /* MockURLSession.swift in Sources */ = {isa = PBXBuildFile; fileRef = 5A84E949267F6DB40034EA80 /* MockURLSession.swift */; };
		5A84E94E267F6DE20034EA80 /* MockTask.swift in Sources */ = {isa = PBXBuildFile; fileRef = 5A84E94D267F6DE20034EA80 /* MockTask.swift */; };
		5A84E956267F723C0034EA80 /* characters.json in Resources */ = {isa = PBXBuildFile; fileRef = 5A84E954267F723C0034EA80 /* characters.json */; };
		5A84E95B267F78160034EA80 /* AppDelegateTests.swift in Sources */ = {isa = PBXBuildFile; fileRef = 5A84E95A267F78160034EA80 /* AppDelegateTests.swift */; };
		5A84E961267F7FAC0034EA80 /* CharacterDetailsViewControllerTests.swift in Sources */ = {isa = PBXBuildFile; fileRef = 5A84E960267F7FAC0034EA80 /* CharacterDetailsViewControllerTests.swift */; };
		5A9C7B582687CBA00071C186 /* FavouritesViewController.swift in Sources */ = {isa = PBXBuildFile; fileRef = 5A9C7B572687CBA00071C186 /* FavouritesViewController.swift */; };
		5A9D0732268DF6C700562943 /* UserDefaultsProtocol.swift in Sources */ = {isa = PBXBuildFile; fileRef = 5A9D0731268DF6C700562943 /* UserDefaultsProtocol.swift */; };
		5A9D0734268E069D00562943 /* MockDefaults.swift in Sources */ = {isa = PBXBuildFile; fileRef = 5A9D0733268E069D00562943 /* MockDefaults.swift */; };
		5A9F0BF52687A7C700CF3572 /* MainTabBarController.swift in Sources */ = {isa = PBXBuildFile; fileRef = 5A9F0BF42687A7C700CF3572 /* MainTabBarController.swift */; };
		5A9F0BF92687A89400CF3572 /* MainViewCoordinator.swift in Sources */ = {isa = PBXBuildFile; fileRef = 5A9F0BF82687A89400CF3572 /* MainViewCoordinator.swift */; };
		5A9F0BFF2687A8F300CF3572 /* CoordinatorFactory.swift in Sources */ = {isa = PBXBuildFile; fileRef = 5A9F0BFE2687A8F300CF3572 /* CoordinatorFactory.swift */; };
		5A9F0C052687A92600CF3572 /* FavouritesCoordinator.swift in Sources */ = {isa = PBXBuildFile; fileRef = 5A9F0C042687A92600CF3572 /* FavouritesCoordinator.swift */; };
		5A9F0C112687AB9600CF3572 /* MainTabBarControllerTests.swift in Sources */ = {isa = PBXBuildFile; fileRef = 5A9F0C0D2687AB9100CF3572 /* MainTabBarControllerTests.swift */; };
		5AA379FF25C87C7000EDBB5D /* CharactersViewModelTests.swift in Sources */ = {isa = PBXBuildFile; fileRef = 5AA379FE25C87C7000EDBB5D /* CharactersViewModelTests.swift */; };
		5AAEA7B2268A0E5C0081455A /* FavouritesCoordinatorTests.swift in Sources */ = {isa = PBXBuildFile; fileRef = 5AAEA7AC268A0E3F0081455A /* FavouritesCoordinatorTests.swift */; };
		5AAEA7B6268A2BDE0081455A /* CharacterDetailsViewModel.swift in Sources */ = {isa = PBXBuildFile; fileRef = 5AAEA7B5268A2BDE0081455A /* CharacterDetailsViewModel.swift */; };
		5AAEA7C2268A9A640081455A /* FakeCharacterDetailsViewModel.swift in Sources */ = {isa = PBXBuildFile; fileRef = 5AAEA7B9268A9A530081455A /* FakeCharacterDetailsViewModel.swift */; };
		5AC1FF53268B5B3C0054D08A /* FavouritesViewModel.swift in Sources */ = {isa = PBXBuildFile; fileRef = 5AC1FF52268B5B3C0054D08A /* FavouritesViewModel.swift */; };
		5AC1FF57268B66A00054D08A /* FavouritesManager.swift in Sources */ = {isa = PBXBuildFile; fileRef = 5AC1FF56268B66A00054D08A /* FavouritesManager.swift */; };
		5AEFBD0D267EA2C100B2132F /* CharacterDetailsTableViewCell.swift in Sources */ = {isa = PBXBuildFile; fileRef = 5AEFBD0C267EA2C100B2132F /* CharacterDetailsTableViewCell.swift */; };
		5AF07B8C25C072B700708C8A /* CharactersViewModel.swift in Sources */ = {isa = PBXBuildFile; fileRef = 5AF07B8B25C072B700708C8A /* CharactersViewModel.swift */; };
		5AF07B9025C0743800708C8A /* ImageCache.swift in Sources */ = {isa = PBXBuildFile; fileRef = 5AF07B8F25C0743800708C8A /* ImageCache.swift */; };
		5AF07B9725C074A500708C8A /* CharacterImageCell.swift in Sources */ = {isa = PBXBuildFile; fileRef = 5AF07B9625C074A500708C8A /* CharacterImageCell.swift */; };
		5AF07B9D25C07AFB00708C8A /* CharacterDetailsViewController.swift in Sources */ = {isa = PBXBuildFile; fileRef = 5AF07B9C25C07AFB00708C8A /* CharacterDetailsViewController.swift */; };
/* End PBXBuildFile section */

/* Begin PBXContainerItemProxy section */
		4D2C288D23D6DFB900E88186 /* PBXContainerItemProxy */ = {
			isa = PBXContainerItemProxy;
			containerPortal = 4D2C286E23D6DFB800E88186 /* Project object */;
			proxyType = 1;
			remoteGlobalIDString = 4D2C287523D6DFB800E88186;
			remoteInfo = FordInterview;
		};
/* End PBXContainerItemProxy section */

/* Begin PBXFileReference section */
		4D2C287623D6DFB800E88186 /* Marvel App.app */ = {isa = PBXFileReference; explicitFileType = wrapper.application; includeInIndex = 0; path = "Marvel App.app"; sourceTree = BUILT_PRODUCTS_DIR; };
		4D2C287923D6DFB800E88186 /* AppDelegate.swift */ = {isa = PBXFileReference; lastKnownFileType = sourcecode.swift; path = AppDelegate.swift; sourceTree = "<group>"; };
		4D2C287D23D6DFB800E88186 /* MainViewController.swift */ = {isa = PBXFileReference; lastKnownFileType = sourcecode.swift; path = MainViewController.swift; sourceTree = "<group>"; };
		4D2C288023D6DFB800E88186 /* Base */ = {isa = PBXFileReference; lastKnownFileType = file.storyboard; name = Base; path = Base.lproj/Main.storyboard; sourceTree = "<group>"; };
		4D2C288223D6DFB900E88186 /* Assets.xcassets */ = {isa = PBXFileReference; lastKnownFileType = folder.assetcatalog; path = Assets.xcassets; sourceTree = "<group>"; };
		4D2C288523D6DFB900E88186 /* Base */ = {isa = PBXFileReference; lastKnownFileType = file.storyboard; name = Base; path = Base.lproj/LaunchScreen.storyboard; sourceTree = "<group>"; };
		4D2C288723D6DFB900E88186 /* Info.plist */ = {isa = PBXFileReference; lastKnownFileType = text.plist.xml; path = Info.plist; sourceTree = "<group>"; };
		4D2C288C23D6DFB900E88186 /* Marvel AppTests.xctest */ = {isa = PBXFileReference; explicitFileType = wrapper.cfbundle; includeInIndex = 0; path = "Marvel AppTests.xctest"; sourceTree = BUILT_PRODUCTS_DIR; };
		4D2C289023D6DFB900E88186 /* MainViewControllerTests.swift */ = {isa = PBXFileReference; lastKnownFileType = sourcecode.swift; path = MainViewControllerTests.swift; sourceTree = "<group>"; };
		4D2C289223D6DFB900E88186 /* Info.plist */ = {isa = PBXFileReference; lastKnownFileType = text.plist.xml; path = Info.plist; sourceTree = "<group>"; };
		4D2C289B23D6E0FC00E88186 /* CharacterResponseModel.swift */ = {isa = PBXFileReference; lastKnownFileType = sourcecode.swift; path = CharacterResponseModel.swift; sourceTree = "<group>"; };
		4D2C28A023D6E14800E88186 /* MarvelURLs.swift */ = {isa = PBXFileReference; lastKnownFileType = sourcecode.swift; path = MarvelURLs.swift; sourceTree = "<group>"; };
		4D2C2BB423D6EB3200E88186 /* backup.json */ = {isa = PBXFileReference; lastKnownFileType = text.json; path = backup.json; sourceTree = "<group>"; };
		5A2A542025C08C63001A682F /* Coordinator.swift */ = {isa = PBXFileReference; lastKnownFileType = sourcecode.swift; path = Coordinator.swift; sourceTree = "<group>"; };
		5A3AEE93268CDF4E002373EB /* FakeFavouritesViewModel.swift */ = {isa = PBXFileReference; lastKnownFileType = sourcecode.swift; path = FakeFavouritesViewModel.swift; sourceTree = "<group>"; };
		5A3AEE95268CE019002373EB /* FavouritesViewControllerTests.swift */ = {isa = PBXFileReference; lastKnownFileType = sourcecode.swift; path = FavouritesViewControllerTests.swift; sourceTree = "<group>"; };
		5A3AEE97268CE4CA002373EB /* FavouritesManagerTests.swift */ = {isa = PBXFileReference; lastKnownFileType = sourcecode.swift; path = FavouritesManagerTests.swift; sourceTree = "<group>"; };
		5A3D1C11268D3A5D00146145 /* CharacterDetailsViewModelTests.swift */ = {isa = PBXFileReference; lastKnownFileType = sourcecode.swift; path = CharacterDetailsViewModelTests.swift; sourceTree = "<group>"; };
		5A3D1C13268D3A7500146145 /* FavouritesViewModelTests.swift */ = {isa = PBXFileReference; lastKnownFileType = sourcecode.swift; path = FavouritesViewModelTests.swift; sourceTree = "<group>"; };
		5A3D1C17268D3DB800146145 /* FakeFavouritesManager.swift */ = {isa = PBXFileReference; lastKnownFileType = sourcecode.swift; path = FakeFavouritesManager.swift; sourceTree = "<group>"; };
		5A6D395525CB2D950041D169 /* CharacterRequest.swift */ = {isa = PBXFileReference; lastKnownFileType = sourcecode.swift; path = CharacterRequest.swift; sourceTree = "<group>"; };
		5A84E92B267F69BD0034EA80 /* MainViewCoordinatorTests.swift */ = {isa = PBXFileReference; lastKnownFileType = sourcecode.swift; path = MainViewCoordinatorTests.swift; sourceTree = "<group>"; };
		5A84E938267F6CED0034EA80 /* CharacterRequestTests.swift */ = {isa = PBXFileReference; lastKnownFileType = sourcecode.swift; path = CharacterRequestTests.swift; sourceTree = "<group>"; };
		5A84E93F267F6D290034EA80 /* MockCharacterRequest.swift */ = {isa = PBXFileReference; lastKnownFileType = sourcecode.swift; path = MockCharacterRequest.swift; sourceTree = "<group>"; };
		5A84E945267F6D6E0034EA80 /* FakeCharactersViewModel.swift */ = {isa = PBXFileReference; lastKnownFileType = sourcecode.swift; path = FakeCharactersViewModel.swift; sourceTree = "<group>"; };
		5A84E949267F6DB40034EA80 /* MockURLSession.swift */ = {isa = PBXFileReference; lastKnownFileType = sourcecode.swift; path = MockURLSession.swift; sourceTree = "<group>"; };
		5A84E94D267F6DE20034EA80 /* MockTask.swift */ = {isa = PBXFileReference; lastKnownFileType = sourcecode.swift; path = MockTask.swift; sourceTree = "<group>"; };
		5A84E954267F723C0034EA80 /* characters.json */ = {isa = PBXFileReference; fileEncoding = 4; lastKnownFileType = text.json; name = characters.json; path = "../../../../MARVEL APPs /MarvelMVVM-C-master/MarvelMVVM-CTests/TestData/characters.json"; sourceTree = "<group>"; };
		5A84E95A267F78160034EA80 /* AppDelegateTests.swift */ = {isa = PBXFileReference; lastKnownFileType = sourcecode.swift; path = AppDelegateTests.swift; sourceTree = "<group>"; };
		5A84E960267F7FAC0034EA80 /* CharacterDetailsViewControllerTests.swift */ = {isa = PBXFileReference; lastKnownFileType = sourcecode.swift; path = CharacterDetailsViewControllerTests.swift; sourceTree = "<group>"; };
		5A9C7B572687CBA00071C186 /* FavouritesViewController.swift */ = {isa = PBXFileReference; lastKnownFileType = sourcecode.swift; path = FavouritesViewController.swift; sourceTree = "<group>"; };
		5A9D0731268DF6C700562943 /* UserDefaultsProtocol.swift */ = {isa = PBXFileReference; lastKnownFileType = sourcecode.swift; path = UserDefaultsProtocol.swift; sourceTree = "<group>"; };
		5A9D0733268E069D00562943 /* MockDefaults.swift */ = {isa = PBXFileReference; lastKnownFileType = sourcecode.swift; path = MockDefaults.swift; sourceTree = "<group>"; };
		5A9F0BF42687A7C700CF3572 /* MainTabBarController.swift */ = {isa = PBXFileReference; lastKnownFileType = sourcecode.swift; path = MainTabBarController.swift; sourceTree = "<group>"; };
		5A9F0BF82687A89400CF3572 /* MainViewCoordinator.swift */ = {isa = PBXFileReference; lastKnownFileType = sourcecode.swift; path = MainViewCoordinator.swift; sourceTree = "<group>"; };
		5A9F0BFE2687A8F300CF3572 /* CoordinatorFactory.swift */ = {isa = PBXFileReference; lastKnownFileType = sourcecode.swift; path = CoordinatorFactory.swift; sourceTree = "<group>"; };
		5A9F0C042687A92600CF3572 /* FavouritesCoordinator.swift */ = {isa = PBXFileReference; lastKnownFileType = sourcecode.swift; path = FavouritesCoordinator.swift; sourceTree = "<group>"; };
		5A9F0C0D2687AB9100CF3572 /* MainTabBarControllerTests.swift */ = {isa = PBXFileReference; lastKnownFileType = sourcecode.swift; path = MainTabBarControllerTests.swift; sourceTree = "<group>"; };
		5AA379FE25C87C7000EDBB5D /* CharactersViewModelTests.swift */ = {isa = PBXFileReference; lastKnownFileType = sourcecode.swift; path = CharactersViewModelTests.swift; sourceTree = "<group>"; };
		5AAEA7AC268A0E3F0081455A /* FavouritesCoordinatorTests.swift */ = {isa = PBXFileReference; lastKnownFileType = sourcecode.swift; path = FavouritesCoordinatorTests.swift; sourceTree = "<group>"; };
		5AAEA7B5268A2BDE0081455A /* CharacterDetailsViewModel.swift */ = {isa = PBXFileReference; lastKnownFileType = sourcecode.swift; path = CharacterDetailsViewModel.swift; sourceTree = "<group>"; };
		5AAEA7B9268A9A530081455A /* FakeCharacterDetailsViewModel.swift */ = {isa = PBXFileReference; lastKnownFileType = sourcecode.swift; path = FakeCharacterDetailsViewModel.swift; sourceTree = "<group>"; };
		5AC1FF52268B5B3C0054D08A /* FavouritesViewModel.swift */ = {isa = PBXFileReference; lastKnownFileType = sourcecode.swift; path = FavouritesViewModel.swift; sourceTree = "<group>"; };
		5AC1FF56268B66A00054D08A /* FavouritesManager.swift */ = {isa = PBXFileReference; lastKnownFileType = sourcecode.swift; path = FavouritesManager.swift; sourceTree = "<group>"; };
		5AEFBD0C267EA2C100B2132F /* CharacterDetailsTableViewCell.swift */ = {isa = PBXFileReference; lastKnownFileType = sourcecode.swift; path = CharacterDetailsTableViewCell.swift; sourceTree = "<group>"; };
		5AF07B8B25C072B700708C8A /* CharactersViewModel.swift */ = {isa = PBXFileReference; lastKnownFileType = sourcecode.swift; path = CharactersViewModel.swift; sourceTree = "<group>"; };
		5AF07B8F25C0743800708C8A /* ImageCache.swift */ = {isa = PBXFileReference; lastKnownFileType = sourcecode.swift; path = ImageCache.swift; sourceTree = "<group>"; };
		5AF07B9625C074A500708C8A /* CharacterImageCell.swift */ = {isa = PBXFileReference; lastKnownFileType = sourcecode.swift; path = CharacterImageCell.swift; sourceTree = "<group>"; };
		5AF07B9C25C07AFB00708C8A /* CharacterDetailsViewController.swift */ = {isa = PBXFileReference; lastKnownFileType = sourcecode.swift; path = CharacterDetailsViewController.swift; sourceTree = "<group>"; };
/* End PBXFileReference section */

/* Begin PBXFrameworksBuildPhase section */
		4D2C287323D6DFB800E88186 /* Frameworks */ = {
			isa = PBXFrameworksBuildPhase;
			buildActionMask = 2147483647;
			files = (
			);
			runOnlyForDeploymentPostprocessing = 0;
		};
		4D2C288923D6DFB900E88186 /* Frameworks */ = {
			isa = PBXFrameworksBuildPhase;
			buildActionMask = 2147483647;
			files = (
			);
			runOnlyForDeploymentPostprocessing = 0;
		};
/* End PBXFrameworksBuildPhase section */

/* Begin PBXGroup section */
		4D2C286D23D6DFB800E88186 = {
			isa = PBXGroup;
			children = (
				4D2C287923D6DFB800E88186 /* AppDelegate.swift */,
				4D2C287823D6DFB800E88186 /* MarvelApp */,
				4D2C288F23D6DFB900E88186 /* MarvelAppTests */,
				4D2C287723D6DFB800E88186 /* Products */,
			);
			sourceTree = "<group>";
		};
		4D2C287723D6DFB800E88186 /* Products */ = {
			isa = PBXGroup;
			children = (
				4D2C287623D6DFB800E88186 /* Marvel App.app */,
				4D2C288C23D6DFB900E88186 /* Marvel AppTests.xctest */,
			);
			name = Products;
			sourceTree = "<group>";
		};
		4D2C287823D6DFB800E88186 /* MarvelApp */ = {
			isa = PBXGroup;
			children = (
				5A9F0C0A2687AA9700CF3572 /* Coordinator */,
				4D2C289F23D6E12F00E88186 /* URLs */,
				4D2C289E23D6E11C00E88186 /* Model */,
				5AEFBD09267E999600B2132F /* Views */,
				5AAEA7A7268A015B0081455A /* ViewModels */,
				5AF07B9525C0747700708C8A /* Cells */,
				5AEFBCFE267E98EC00B2132F /* Extensions */,
				4D2C287F23D6DFB800E88186 /* Main.storyboard */,
				4D2C288223D6DFB900E88186 /* Assets.xcassets */,
				4D2C288423D6DFB900E88186 /* LaunchScreen.storyboard */,
				4D2C288723D6DFB900E88186 /* Info.plist */,
				4D2C2BB423D6EB3200E88186 /* backup.json */,
			);
			path = MarvelApp;
			sourceTree = "<group>";
		};
		4D2C288F23D6DFB900E88186 /* MarvelAppTests */ = {
			isa = PBXGroup;
			children = (
				5A84E953267F72100034EA80 /* Test Data */,
				4D2C289023D6DFB900E88186 /* MainViewControllerTests.swift */,
				5A3AEE95268CE019002373EB /* FavouritesViewControllerTests.swift */,
				5A9F0C0D2687AB9100CF3572 /* MainTabBarControllerTests.swift */,
				5AA379FE25C87C7000EDBB5D /* CharactersViewModelTests.swift */,
				5A84E960267F7FAC0034EA80 /* CharacterDetailsViewControllerTests.swift */,
				5A3D1C11268D3A5D00146145 /* CharacterDetailsViewModelTests.swift */,
				5A3D1C13268D3A7500146145 /* FavouritesViewModelTests.swift */,
				5A3AEE97268CE4CA002373EB /* FavouritesManagerTests.swift */,
				5A84E92B267F69BD0034EA80 /* MainViewCoordinatorTests.swift */,
				5AAEA7AC268A0E3F0081455A /* FavouritesCoordinatorTests.swift */,
				5A84E938267F6CED0034EA80 /* CharacterRequestTests.swift */,
				5A84E95A267F78160034EA80 /* AppDelegateTests.swift */,
				5A84E93E267F6D0B0034EA80 /* Mocks */,
				4D2C289223D6DFB900E88186 /* Info.plist */,
			);
			path = MarvelAppTests;
			sourceTree = "<group>";
		};
		4D2C289E23D6E11C00E88186 /* Model */ = {
			isa = PBXGroup;
			children = (
				4D2C289B23D6E0FC00E88186 /* CharacterResponseModel.swift */,
				5A6D395525CB2D950041D169 /* CharacterRequest.swift */,
			);
			name = Model;
			sourceTree = "<group>";
		};
		4D2C289F23D6E12F00E88186 /* URLs */ = {
			isa = PBXGroup;
			children = (
				4D2C28A023D6E14800E88186 /* MarvelURLs.swift */,
			);
			name = URLs;
			sourceTree = "<group>";
		};
		5A84E93E267F6D0B0034EA80 /* Mocks */ = {
			isa = PBXGroup;
			children = (
				5A84E945267F6D6E0034EA80 /* FakeCharactersViewModel.swift */,
				5AAEA7B9268A9A530081455A /* FakeCharacterDetailsViewModel.swift */,
				5A3AEE93268CDF4E002373EB /* FakeFavouritesViewModel.swift */,
				5A84E93F267F6D290034EA80 /* MockCharacterRequest.swift */,
				5A84E949267F6DB40034EA80 /* MockURLSession.swift */,
				5A84E94D267F6DE20034EA80 /* MockTask.swift */,
				5A3D1C17268D3DB800146145 /* FakeFavouritesManager.swift */,
				5A9D0733268E069D00562943 /* MockDefaults.swift */,
			);
			path = Mocks;
			sourceTree = "<group>";
		};
		5A84E953267F72100034EA80 /* Test Data */ = {
			isa = PBXGroup;
			children = (
				5A84E954267F723C0034EA80 /* characters.json */,
			);
			path = "Test Data";
			sourceTree = "<group>";
		};
		5A9F0C0A2687AA9700CF3572 /* Coordinator */ = {
			isa = PBXGroup;
			children = (
				5A9F0BF42687A7C700CF3572 /* MainTabBarController.swift */,
				5A2A542025C08C63001A682F /* Coordinator.swift */,
				5A9F0BFE2687A8F300CF3572 /* CoordinatorFactory.swift */,
				5A9F0BF82687A89400CF3572 /* MainViewCoordinator.swift */,
				5A9F0C042687A92600CF3572 /* FavouritesCoordinator.swift */,
			);
			name = Coordinator;
			sourceTree = "<group>";
		};
		5AAEA7A7268A015B0081455A /* ViewModels */ = {
			isa = PBXGroup;
			children = (
				5AF07B8B25C072B700708C8A /* CharactersViewModel.swift */,
				5AAEA7B5268A2BDE0081455A /* CharacterDetailsViewModel.swift */,
				5AC1FF52268B5B3C0054D08A /* FavouritesViewModel.swift */,
				5AC1FF56268B66A00054D08A /* FavouritesManager.swift */,
			);
			name = ViewModels;
			sourceTree = "<group>";
		};
		5AEFBCFE267E98EC00B2132F /* Extensions */ = {
			isa = PBXGroup;
			children = (
				5AF07B8F25C0743800708C8A /* ImageCache.swift */,
				5A9D0731268DF6C700562943 /* UserDefaultsProtocol.swift */,
			);
			name = Extensions;
			sourceTree = "<group>";
		};
		5AEFBD09267E999600B2132F /* Views */ = {
			isa = PBXGroup;
			children = (
				5AF07B9C25C07AFB00708C8A /* CharacterDetailsViewController.swift */,
				4D2C287D23D6DFB800E88186 /* MainViewController.swift */,
				5A9C7B572687CBA00071C186 /* FavouritesViewController.swift */,
			);
			name = Views;
			sourceTree = "<group>";
		};
		5AF07B9525C0747700708C8A /* Cells */ = {
			isa = PBXGroup;
			children = (
				5AF07B9625C074A500708C8A /* CharacterImageCell.swift */,
				5AEFBD0C267EA2C100B2132F /* CharacterDetailsTableViewCell.swift */,
			);
			name = Cells;
			sourceTree = "<group>";
		};
/* End PBXGroup section */

/* Begin PBXNativeTarget section */
		4D2C287523D6DFB800E88186 /* Marvel App */ = {
			isa = PBXNativeTarget;
			buildConfigurationList = 4D2C289523D6DFB900E88186 /* Build configuration list for PBXNativeTarget "Marvel App" */;
			buildPhases = (
				4D2C287223D6DFB800E88186 /* Sources */,
				4D2C287323D6DFB800E88186 /* Frameworks */,
				4D2C287423D6DFB800E88186 /* Resources */,
			);
			buildRules = (
			);
			dependencies = (
			);
			name = "Marvel App";
			productName = FordInterview;
			productReference = 4D2C287623D6DFB800E88186 /* Marvel App.app */;
			productType = "com.apple.product-type.application";
		};
		4D2C288B23D6DFB900E88186 /* Marvel AppTests */ = {
			isa = PBXNativeTarget;
			buildConfigurationList = 4D2C289823D6DFB900E88186 /* Build configuration list for PBXNativeTarget "Marvel AppTests" */;
			buildPhases = (
				4D2C288823D6DFB900E88186 /* Sources */,
				4D2C288923D6DFB900E88186 /* Frameworks */,
				4D2C288A23D6DFB900E88186 /* Resources */,
			);
			buildRules = (
			);
			dependencies = (
				4D2C288E23D6DFB900E88186 /* PBXTargetDependency */,
			);
			name = "Marvel AppTests";
			productName = FordInterviewTests;
			productReference = 4D2C288C23D6DFB900E88186 /* Marvel AppTests.xctest */;
			productType = "com.apple.product-type.bundle.unit-test";
		};
/* End PBXNativeTarget section */

/* Begin PBXProject section */
		4D2C286E23D6DFB800E88186 /* Project object */ = {
			isa = PBXProject;
			attributes = {
				LastSwiftUpdateCheck = 1130;
				LastUpgradeCheck = 1130;
				ORGANIZATIONNAME = hakoglu;
				TargetAttributes = {
					4D2C287523D6DFB800E88186 = {
						CreatedOnToolsVersion = 11.3.1;
					};
					4D2C288B23D6DFB900E88186 = {
						CreatedOnToolsVersion = 11.3.1;
						TestTargetID = 4D2C287523D6DFB800E88186;
					};
				};
			};
			buildConfigurationList = 4D2C287123D6DFB800E88186 /* Build configuration list for PBXProject "Marvel App" */;
			compatibilityVersion = "Xcode 9.3";
			developmentRegion = en;
			hasScannedForEncodings = 0;
			knownRegions = (
				en,
				Base,
			);
			mainGroup = 4D2C286D23D6DFB800E88186;
			productRefGroup = 4D2C287723D6DFB800E88186 /* Products */;
			projectDirPath = "";
			projectRoot = "";
			targets = (
				4D2C287523D6DFB800E88186 /* Marvel App */,
				4D2C288B23D6DFB900E88186 /* Marvel AppTests */,
			);
		};
/* End PBXProject section */

/* Begin PBXResourcesBuildPhase section */
		4D2C287423D6DFB800E88186 /* Resources */ = {
			isa = PBXResourcesBuildPhase;
			buildActionMask = 2147483647;
			files = (
				4D2C288623D6DFB900E88186 /* LaunchScreen.storyboard in Resources */,
				4D2C2BB523D6EB3200E88186 /* backup.json in Resources */,
				4D2C288323D6DFB900E88186 /* Assets.xcassets in Resources */,
				4D2C288123D6DFB800E88186 /* Main.storyboard in Resources */,
			);
			runOnlyForDeploymentPostprocessing = 0;
		};
		4D2C288A23D6DFB900E88186 /* Resources */ = {
			isa = PBXResourcesBuildPhase;
			buildActionMask = 2147483647;
			files = (
				5A84E956267F723C0034EA80 /* characters.json in Resources */,
			);
			runOnlyForDeploymentPostprocessing = 0;
		};
/* End PBXResourcesBuildPhase section */

/* Begin PBXSourcesBuildPhase section */
		4D2C287223D6DFB800E88186 /* Sources */ = {
			isa = PBXSourcesBuildPhase;
			buildActionMask = 2147483647;
			files = (
				5A9C7B582687CBA00071C186 /* FavouritesViewController.swift in Sources */,
				5A9D0734268E069D00562943 /* MockDefaults.swift in Sources */,
				5AC1FF57268B66A00054D08A /* FavouritesManager.swift in Sources */,
				5AF07B8C25C072B700708C8A /* CharactersViewModel.swift in Sources */,
				4D2C28A123D6E14800E88186 /* MarvelURLs.swift in Sources */,
				5A9F0C052687A92600CF3572 /* FavouritesCoordinator.swift in Sources */,
				5A9F0BF52687A7C700CF3572 /* MainTabBarController.swift in Sources */,
				5AAEA7B6268A2BDE0081455A /* CharacterDetailsViewModel.swift in Sources */,
				4D2C289C23D6E0FC00E88186 /* CharacterResponseModel.swift in Sources */,
				5A9F0BF92687A89400CF3572 /* MainViewCoordinator.swift in Sources */,
				4D2C287E23D6DFB800E88186 /* MainViewController.swift in Sources */,
				4D2C287A23D6DFB800E88186 /* AppDelegate.swift in Sources */,
				5A6D395625CB2D950041D169 /* CharacterRequest.swift in Sources */,
				5AF07B9725C074A500708C8A /* CharacterImageCell.swift in Sources */,
				5AC1FF53268B5B3C0054D08A /* FavouritesViewModel.swift in Sources */,
				5A9F0BFF2687A8F300CF3572 /* CoordinatorFactory.swift in Sources */,
				5A9D0732268DF6C700562943 /* UserDefaultsProtocol.swift in Sources */,
				5AEFBD0D267EA2C100B2132F /* CharacterDetailsTableViewCell.swift in Sources */,
				5A3D1C18268D3DB800146145 /* FakeFavouritesManager.swift in Sources */,
				5AF07B9025C0743800708C8A /* ImageCache.swift in Sources */,
				5AF07B9D25C07AFB00708C8A /* CharacterDetailsViewController.swift in Sources */,
				5A2A542125C08C63001A682F /* Coordinator.swift in Sources */,
			);
			runOnlyForDeploymentPostprocessing = 0;
		};
		4D2C288823D6DFB900E88186 /* Sources */ = {
			isa = PBXSourcesBuildPhase;
			buildActionMask = 2147483647;
			files = (
				5A3D1C15268D3B2C00146145 /* CharacterDetailsViewModelTests.swift in Sources */,
				5A84E94A267F6DB40034EA80 /* MockURLSession.swift in Sources */,
				5AA379FF25C87C7000EDBB5D /* CharactersViewModelTests.swift in Sources */,
				5A84E946267F6D6E0034EA80 /* FakeCharactersViewModel.swift in Sources */,
				5A3AEE94268CDF4E002373EB /* FakeFavouritesViewModel.swift in Sources */,
				4D2C289123D6DFB900E88186 /* MainViewControllerTests.swift in Sources */,
				5A9F0C112687AB9600CF3572 /* MainTabBarControllerTests.swift in Sources */,
				5A3AEE96268CE019002373EB /* FavouritesViewControllerTests.swift in Sources */,
				5A84E94E267F6DE20034EA80 /* MockTask.swift in Sources */,
				5AAEA7C2268A9A640081455A /* FakeCharacterDetailsViewModel.swift in Sources */,
				5A3D1C16268D3B4B00146145 /* FavouritesViewModelTests.swift in Sources */,
				5A84E95B267F78160034EA80 /* AppDelegateTests.swift in Sources */,
				5A84E940267F6D290034EA80 /* MockCharacterRequest.swift in Sources */,
				5AAEA7B2268A0E5C0081455A /* FavouritesCoordinatorTests.swift in Sources */,
				5A84E939267F6CED0034EA80 /* CharacterRequestTests.swift in Sources */,
				5A3AEE98268CE4CA002373EB /* FavouritesManagerTests.swift in Sources */,
				5A84E961267F7FAC0034EA80 /* CharacterDetailsViewControllerTests.swift in Sources */,
				5A84E931267F6A090034EA80 /* MainViewCoordinatorTests.swift in Sources */,
			);
			runOnlyForDeploymentPostprocessing = 0;
		};
/* End PBXSourcesBuildPhase section */

/* Begin PBXTargetDependency section */
		4D2C288E23D6DFB900E88186 /* PBXTargetDependency */ = {
			isa = PBXTargetDependency;
			target = 4D2C287523D6DFB800E88186 /* Marvel App */;
			targetProxy = 4D2C288D23D6DFB900E88186 /* PBXContainerItemProxy */;
		};
/* End PBXTargetDependency section */

/* Begin PBXVariantGroup section */
		4D2C287F23D6DFB800E88186 /* Main.storyboard */ = {
			isa = PBXVariantGroup;
			children = (
				4D2C288023D6DFB800E88186 /* Base */,
			);
			name = Main.storyboard;
			sourceTree = "<group>";
		};
		4D2C288423D6DFB900E88186 /* LaunchScreen.storyboard */ = {
			isa = PBXVariantGroup;
			children = (
				4D2C288523D6DFB900E88186 /* Base */,
			);
			name = LaunchScreen.storyboard;
			sourceTree = "<group>";
		};
/* End PBXVariantGroup section */

/* Begin XCBuildConfiguration section */
		4D2C289323D6DFB900E88186 /* Debug */ = {
			isa = XCBuildConfiguration;
			buildSettings = {
				ALWAYS_SEARCH_USER_PATHS = NO;
				CLANG_ANALYZER_NONNULL = YES;
				CLANG_ANALYZER_NUMBER_OBJECT_CONVERSION = YES_AGGRESSIVE;
				CLANG_CXX_LANGUAGE_STANDARD = "gnu++14";
				CLANG_CXX_LIBRARY = "libc++";
				CLANG_ENABLE_MODULES = YES;
				CLANG_ENABLE_OBJC_ARC = YES;
				CLANG_ENABLE_OBJC_WEAK = YES;
				CLANG_WARN_BLOCK_CAPTURE_AUTORELEASING = YES;
				CLANG_WARN_BOOL_CONVERSION = YES;
				CLANG_WARN_COMMA = YES;
				CLANG_WARN_CONSTANT_CONVERSION = YES;
				CLANG_WARN_DEPRECATED_OBJC_IMPLEMENTATIONS = YES;
				CLANG_WARN_DIRECT_OBJC_ISA_USAGE = YES_ERROR;
				CLANG_WARN_DOCUMENTATION_COMMENTS = YES;
				CLANG_WARN_EMPTY_BODY = YES;
				CLANG_WARN_ENUM_CONVERSION = YES;
				CLANG_WARN_INFINITE_RECURSION = YES;
				CLANG_WARN_INT_CONVERSION = YES;
				CLANG_WARN_NON_LITERAL_NULL_CONVERSION = YES;
				CLANG_WARN_OBJC_IMPLICIT_RETAIN_SELF = YES;
				CLANG_WARN_OBJC_LITERAL_CONVERSION = YES;
				CLANG_WARN_OBJC_ROOT_CLASS = YES_ERROR;
				CLANG_WARN_RANGE_LOOP_ANALYSIS = YES;
				CLANG_WARN_STRICT_PROTOTYPES = YES;
				CLANG_WARN_SUSPICIOUS_MOVE = YES;
				CLANG_WARN_UNGUARDED_AVAILABILITY = YES_AGGRESSIVE;
				CLANG_WARN_UNREACHABLE_CODE = YES;
				CLANG_WARN__DUPLICATE_METHOD_MATCH = YES;
				COPY_PHASE_STRIP = NO;
				DEBUG_INFORMATION_FORMAT = dwarf;
				ENABLE_STRICT_OBJC_MSGSEND = YES;
				ENABLE_TESTABILITY = YES;
				GCC_C_LANGUAGE_STANDARD = gnu11;
				GCC_DYNAMIC_NO_PIC = NO;
				GCC_NO_COMMON_BLOCKS = YES;
				GCC_OPTIMIZATION_LEVEL = 0;
				GCC_PREPROCESSOR_DEFINITIONS = (
					"DEBUG=1",
					"$(inherited)",
				);
				GCC_WARN_64_TO_32_BIT_CONVERSION = YES;
				GCC_WARN_ABOUT_RETURN_TYPE = YES_ERROR;
				GCC_WARN_UNDECLARED_SELECTOR = YES;
				GCC_WARN_UNINITIALIZED_AUTOS = YES_AGGRESSIVE;
				GCC_WARN_UNUSED_FUNCTION = YES;
				GCC_WARN_UNUSED_VARIABLE = YES;
				IPHONEOS_DEPLOYMENT_TARGET = 13.2;
				MTL_ENABLE_DEBUG_INFO = INCLUDE_SOURCE;
				MTL_FAST_MATH = YES;
				ONLY_ACTIVE_ARCH = YES;
				SDKROOT = iphoneos;
				SWIFT_ACTIVE_COMPILATION_CONDITIONS = DEBUG;
				SWIFT_OPTIMIZATION_LEVEL = "-Onone";
			};
			name = Debug;
		};
		4D2C289423D6DFB900E88186 /* Release */ = {
			isa = XCBuildConfiguration;
			buildSettings = {
				ALWAYS_SEARCH_USER_PATHS = NO;
				CLANG_ANALYZER_NONNULL = YES;
				CLANG_ANALYZER_NUMBER_OBJECT_CONVERSION = YES_AGGRESSIVE;
				CLANG_CXX_LANGUAGE_STANDARD = "gnu++14";
				CLANG_CXX_LIBRARY = "libc++";
				CLANG_ENABLE_MODULES = YES;
				CLANG_ENABLE_OBJC_ARC = YES;
				CLANG_ENABLE_OBJC_WEAK = YES;
				CLANG_WARN_BLOCK_CAPTURE_AUTORELEASING = YES;
				CLANG_WARN_BOOL_CONVERSION = YES;
				CLANG_WARN_COMMA = YES;
				CLANG_WARN_CONSTANT_CONVERSION = YES;
				CLANG_WARN_DEPRECATED_OBJC_IMPLEMENTATIONS = YES;
				CLANG_WARN_DIRECT_OBJC_ISA_USAGE = YES_ERROR;
				CLANG_WARN_DOCUMENTATION_COMMENTS = YES;
				CLANG_WARN_EMPTY_BODY = YES;
				CLANG_WARN_ENUM_CONVERSION = YES;
				CLANG_WARN_INFINITE_RECURSION = YES;
				CLANG_WARN_INT_CONVERSION = YES;
				CLANG_WARN_NON_LITERAL_NULL_CONVERSION = YES;
				CLANG_WARN_OBJC_IMPLICIT_RETAIN_SELF = YES;
				CLANG_WARN_OBJC_LITERAL_CONVERSION = YES;
				CLANG_WARN_OBJC_ROOT_CLASS = YES_ERROR;
				CLANG_WARN_RANGE_LOOP_ANALYSIS = YES;
				CLANG_WARN_STRICT_PROTOTYPES = YES;
				CLANG_WARN_SUSPICIOUS_MOVE = YES;
				CLANG_WARN_UNGUARDED_AVAILABILITY = YES_AGGRESSIVE;
				CLANG_WARN_UNREACHABLE_CODE = YES;
				CLANG_WARN__DUPLICATE_METHOD_MATCH = YES;
				COPY_PHASE_STRIP = NO;
				DEBUG_INFORMATION_FORMAT = "dwarf-with-dsym";
				ENABLE_NS_ASSERTIONS = NO;
				ENABLE_STRICT_OBJC_MSGSEND = YES;
				GCC_C_LANGUAGE_STANDARD = gnu11;
				GCC_NO_COMMON_BLOCKS = YES;
				GCC_WARN_64_TO_32_BIT_CONVERSION = YES;
				GCC_WARN_ABOUT_RETURN_TYPE = YES_ERROR;
				GCC_WARN_UNDECLARED_SELECTOR = YES;
				GCC_WARN_UNINITIALIZED_AUTOS = YES_AGGRESSIVE;
				GCC_WARN_UNUSED_FUNCTION = YES;
				GCC_WARN_UNUSED_VARIABLE = YES;
				IPHONEOS_DEPLOYMENT_TARGET = 13.2;
				MTL_ENABLE_DEBUG_INFO = NO;
				MTL_FAST_MATH = YES;
				SDKROOT = iphoneos;
				SWIFT_COMPILATION_MODE = wholemodule;
				SWIFT_OPTIMIZATION_LEVEL = "-O";
				VALIDATE_PRODUCT = YES;
			};
			name = Release;
		};
		4D2C289623D6DFB900E88186 /* Debug */ = {
			isa = XCBuildConfiguration;
			buildSettings = {
				ASSETCATALOG_COMPILER_APPICON_NAME = AppIcon;
				CODE_SIGN_IDENTITY = "Apple Development";
				CODE_SIGN_STYLE = Automatic;
				DEVELOPMENT_TEAM = SL8XHPVUK3;
				INFOPLIST_FILE = "$(SRCROOT)/MarvelApp/Info.plist";
				LD_RUNPATH_SEARCH_PATHS = (
					"$(inherited)",
					"@executable_path/Frameworks",
				);
				PRODUCT_BUNDLE_IDENTIFIER = com.hasan.marvelapp;
				PRODUCT_NAME = "$(TARGET_NAME)";
				PROVISIONING_PROFILE_SPECIFIER = "";
				SWIFT_VERSION = 5.0;
				TARGETED_DEVICE_FAMILY = "1,2";
			};
			name = Debug;
		};
		4D2C289723D6DFB900E88186 /* Release */ = {
			isa = XCBuildConfiguration;
			buildSettings = {
				ASSETCATALOG_COMPILER_APPICON_NAME = AppIcon;
				CODE_SIGN_IDENTITY = "Apple Development";
				CODE_SIGN_STYLE = Automatic;
				DEVELOPMENT_TEAM = SL8XHPVUK3;
				INFOPLIST_FILE = "$(SRCROOT)/MarvelApp/Info.plist";
				LD_RUNPATH_SEARCH_PATHS = (
					"$(inherited)",
					"@executable_path/Frameworks",
				);
				PRODUCT_BUNDLE_IDENTIFIER = com.hasan.marvelapp;
				PRODUCT_NAME = "$(TARGET_NAME)";
				PROVISIONING_PROFILE_SPECIFIER = "";
				SWIFT_VERSION = 5.0;
				TARGETED_DEVICE_FAMILY = "1,2";
			};
			name = Release;
		};
		4D2C289923D6DFB900E88186 /* Debug */ = {
			isa = XCBuildConfiguration;
			buildSettings = {
				ALWAYS_EMBED_SWIFT_STANDARD_LIBRARIES = YES;
				BUNDLE_LOADER = "$(TEST_HOST)";
				CODE_SIGN_STYLE = Automatic;
				DEVELOPMENT_TEAM = SL8XHPVUK3;
				INFOPLIST_FILE = MarvelApp/Info.plist;
				IPHONEOS_DEPLOYMENT_TARGET = 13.2;
				LD_RUNPATH_SEARCH_PATHS = (
					"$(inherited)",
					"@executable_path/Frameworks",
					"@loader_path/Frameworks",
				);
				PRODUCT_BUNDLE_IDENTIFIER = com.hasan.marvelapp;
				PRODUCT_NAME = "$(TARGET_NAME)";
				SWIFT_VERSION = 5.0;
				TARGETED_DEVICE_FAMILY = "1,2";
				TEST_HOST = "$(BUILT_PRODUCTS_DIR)/Marvel App.app/Marvel App";
			};
			name = Debug;
		};
		4D2C289A23D6DFB900E88186 /* Release */ = {
			isa = XCBuildConfiguration;
			buildSettings = {
				ALWAYS_EMBED_SWIFT_STANDARD_LIBRARIES = YES;
				BUNDLE_LOADER = "$(TEST_HOST)";
				CODE_SIGN_STYLE = Automatic;
				DEVELOPMENT_TEAM = SL8XHPVUK3;
				INFOPLIST_FILE = MarvelApp/Info.plist;
				IPHONEOS_DEPLOYMENT_TARGET = 13.2;
				LD_RUNPATH_SEARCH_PATHS = (
					"$(inherited)",
					"@executable_path/Frameworks",
					"@loader_path/Frameworks",
				);
				PRODUCT_BUNDLE_IDENTIFIER = com.hasan.marvelapp;
				PRODUCT_NAME = "$(TARGET_NAME)";
				SWIFT_VERSION = 5.0;
				TARGETED_DEVICE_FAMILY = "1,2";
				TEST_HOST = "$(BUILT_PRODUCTS_DIR)/Marvel App.app/Marvel App";
			};
			name = Release;
		};
/* End XCBuildConfiguration section */

/* Begin XCConfigurationList section */
		4D2C287123D6DFB800E88186 /* Build configuration list for PBXProject "Marvel App" */ = {
			isa = XCConfigurationList;
			buildConfigurations = (
				4D2C289323D6DFB900E88186 /* Debug */,
				4D2C289423D6DFB900E88186 /* Release */,
			);
			defaultConfigurationIsVisible = 0;
			defaultConfigurationName = Release;
		};
		4D2C289523D6DFB900E88186 /* Build configuration list for PBXNativeTarget "Marvel App" */ = {
			isa = XCConfigurationList;
			buildConfigurations = (
				4D2C289623D6DFB900E88186 /* Debug */,
				4D2C289723D6DFB900E88186 /* Release */,
			);
			defaultConfigurationIsVisible = 0;
			defaultConfigurationName = Release;
		};
		4D2C289823D6DFB900E88186 /* Build configuration list for PBXNativeTarget "Marvel AppTests" */ = {
			isa = XCConfigurationList;
			buildConfigurations = (
				4D2C289923D6DFB900E88186 /* Debug */,
				4D2C289A23D6DFB900E88186 /* Release */,
			);
			defaultConfigurationIsVisible = 0;
			defaultConfigurationName = Release;
		};
/* End XCConfigurationList section */
	};
	rootObject = 4D2C286E23D6DFB800E88186 /* Project object */;
}
